
Microsoft Visual Studio Solution File, Format Version 12.00
# Visual Studio Version 17
VisualStudioVersion = 17.7.34031.279
MinimumVisualStudioVersion = 10.0.40219.1
Project("{9A19103F-16F7-4668-BE54-9A1E7A4F7556}") = "Mind-Master-Backend", "Mind-Master-Backend\Mind-Master-Backend.csproj", "{241EC981-6501-4A15-A538-4A1EE29D93C0}"
EndProject
Project("{FAE04EC0-301F-11D3-BF4B-00C04F79EFBC}") = "BLL", "BLL\BLL.csproj", "{F2DDE110-E393-4FD2-8748-813D8A7125D7}"
EndProject
Project("{FAE04EC0-301F-11D3-BF4B-00C04F79EFBC}") = "DAL", "DAL\DAL.csproj", "{8DD57C88-CD34-40E5-A6D7-7F6A353563BD}"
EndProject
Global
	GlobalSection(SolutionConfigurationPlatforms) = preSolution
		Debug|Any CPU = Debug|Any CPU
		Release|Any CPU = Release|Any CPU
	EndGlobalSection
	GlobalSection(ProjectConfigurationPlatforms) = postSolution
		{241EC981-6501-4A15-A538-4A1EE29D93C0}.Debug|Any CPU.ActiveCfg = Debug|Any CPU
		{241EC981-6501-4A15-A538-4A1EE29D93C0}.Debug|Any CPU.Build.0 = Debug|Any CPU
		{241EC981-6501-4A15-A538-4A1EE29D93C0}.Release|Any CPU.ActiveCfg = Release|Any CPU
		{241EC981-6501-4A15-A538-4A1EE29D93C0}.Release|Any CPU.Build.0 = Release|Any CPU
		{F2DDE110-E393-4FD2-8748-813D8A7125D7}.Debug|Any CPU.ActiveCfg = Debug|Any CPU
		{F2DDE110-E393-4FD2-8748-813D8A7125D7}.Debug|Any CPU.Build.0 = Debug|Any CPU
		{F2DDE110-E393-4FD2-8748-813D8A7125D7}.Release|Any CPU.ActiveCfg = Release|Any CPU
		{F2DDE110-E393-4FD2-8748-813D8A7125D7}.Release|Any CPU.Build.0 = Release|Any CPU
		{8DD57C88-CD34-40E5-A6D7-7F6A353563BD}.Debug|Any CPU.ActiveCfg = Debug|Any CPU
		{8DD57C88-CD34-40E5-A6D7-7F6A353563BD}.Debug|Any CPU.Build.0 = Debug|Any CPU
		{8DD57C88-CD34-40E5-A6D7-7F6A353563BD}.Release|Any CPU.ActiveCfg = Release|Any CPU
		{8DD57C88-CD34-40E5-A6D7-7F6A353563BD}.Release|Any CPU.Build.0 = Release|Any CPU
	EndGlobalSection
	GlobalSection(SolutionProperties) = preSolution
		HideSolutionNode = FALSE
	EndGlobalSection
	GlobalSection(ExtensibilityGlobals) = postSolution
		SolutionGuid = {0D10728A-59A9-49BE-881C-9CDD2994194B}
	EndGlobalSection
EndGlobal
